Microsoft Visual Studio Solution File, Format Version 12.00
# Visual Studio Version 17
VisualStudioVersion = 17.5.2.0
MinimumVisualStudioVersion = 10.0.40219.1
Project("{FAE04EC0-301F-11D3-BF4B-00C04F79EFBC}") = "SmartHomeDeviceApi", "SmartHomeDeviceApi\SmartHomeDeviceApi.csproj", "{694B1691-036E-9FA3-D95A-62835FE27725}"
EndProject
Global
	GlobalSection(SolutionConfigurationPlatforms) = preSolution
		Debug|Any CPU = Debug|Any CPU
		Release|Any CPU = Release|Any CPU
	EndGlobalSection
	GlobalSection(ProjectConfigurationPlatforms) = postSolution
		{694B1691-036E-9FA3-D95A-62835FE27725}.Debug|Any CPU.ActiveCfg = Debug|Any CPU
		{694B1691-036E-9FA3-D95A-62835FE27725}.Debug|Any CPU.Build.0 = Debug|Any CPU
		{694B1691-036E-9FA3-D95A-62835FE27725}.Release|Any CPU.ActiveCfg = Release|Any CPU
		{694B1691-036E-9FA3-D95A-62835FE27725}.Release|Any CPU.Build.0 = Release|Any CPU
	EndGlobalSection
	GlobalSection(SolutionProperties) = preSolution
		HideSolutionNode = FALSE
	EndGlobalSection
	GlobalSection(ExtensibilityGlobals) = postSolution
		SolutionGuid = {6A06FC2C-5E28-4E6C-83B0-30F4C39F48BF}
	EndGlobalSection
EndGlobal
